
Microsoft Visual Studio Solution File, Format Version 12.00
Project("{2150E333-8FDC-42A3-9474-1A3956D46DE8}") = "Solution Items", "Solution Items", "{501A87C2-6A71-4C61-98CA-101C2DB4C3D5}"
	ProjectSection(SolutionItems) = preProject
		README.md = README.md
	EndProjectSection
EndProject
Project("{FAE04EC0-301F-11D3-BF4B-00C04F79EFBC}") = "HarvestForecast.Client", "src\HarvestForecast.Client\HarvestForecast.Client.csproj", "{724F4479-D850-4E06-B5C9-4BC45245135E}"
EndProject
Project("{2150E333-8FDC-42A3-9474-1A3956D46DE8}") = "src", "src", "{78E34E6F-F8C9-4BFC-802B-8CFF3DF5466A}"
EndProject
Project("{2150E333-8FDC-42A3-9474-1A3956D46DE8}") = "test", "test", "{18F02E33-D340-4087-ACE3-E159CFBBE9DD}"
EndProject
Project("{FAE04EC0-301F-11D3-BF4B-00C04F79EFBC}") = "HarvestForecast.Client.Test", "test\HarvestForecast.Client.Test\HarvestForecast.Client.Test.csproj", "{C31FD00A-85E2-4A27-816A-23CF91C6B281}"
EndProject
Global
	GlobalSection(SolutionConfigurationPlatforms) = preSolution
		Debug|Any CPU = Debug|Any CPU
		Release|Any CPU = Release|Any CPU
	EndGlobalSection
	GlobalSection(ProjectConfigurationPlatforms) = postSolution
		{724F4479-D850-4E06-B5C9-4BC45245135E}.Debug|Any CPU.ActiveCfg = Debug|Any CPU
		{724F4479-D850-4E06-B5C9-4BC45245135E}.Debug|Any CPU.Build.0 = Debug|Any CPU
		{724F4479-D850-4E06-B5C9-4BC45245135E}.Release|Any CPU.ActiveCfg = Release|Any CPU
		{724F4479-D850-4E06-B5C9-4BC45245135E}.Release|Any CPU.Build.0 = Release|Any CPU
		{C31FD00A-85E2-4A27-816A-23CF91C6B281}.Debug|Any CPU.ActiveCfg = Debug|Any CPU
		{C31FD00A-85E2-4A27-816A-23CF91C6B281}.Debug|Any CPU.Build.0 = Debug|Any CPU
		{C31FD00A-85E2-4A27-816A-23CF91C6B281}.Release|Any CPU.ActiveCfg = Release|Any CPU
		{C31FD00A-85E2-4A27-816A-23CF91C6B281}.Release|Any CPU.Build.0 = Release|Any CPU
	EndGlobalSection
	GlobalSection(NestedProjects) = preSolution
		{724F4479-D850-4E06-B5C9-4BC45245135E} = {78E34E6F-F8C9-4BFC-802B-8CFF3DF5466A}
		{C31FD00A-85E2-4A27-816A-23CF91C6B281} = {18F02E33-D340-4087-ACE3-E159CFBBE9DD}
	EndGlobalSection
EndGlobal
